
Microsoft Visual Studio Solution File, Format Version 12.00
# Visual Studio 15
VisualStudioVersion = 15.0.28307.2092
MinimumVisualStudioVersion = 10.0.40219.1
Project("{F184B08F-C81C-45F6-A57F-5ABD9991F28F}") = "clases_vb", "clases_vb\clases_vb.vbproj", "{C10F8B86-C083-4CA5-94BE-047CC8ED05CB}"
EndProject
Global
	GlobalSection(SolutionConfigurationPlatforms) = preSolution
		Debug|Any CPU = Debug|Any CPU
		Release|Any CPU = Release|Any CPU
	EndGlobalSection
	GlobalSection(ProjectConfigurationPlatforms) = postSolution
		{C10F8B86-C083-4CA5-94BE-047CC8ED05CB}.Debug|Any CPU.ActiveCfg = Debug|Any CPU
		{C10F8B86-C083-4CA5-94BE-047CC8ED05CB}.Debug|Any CPU.Build.0 = Debug|Any CPU
		{C10F8B86-C083-4CA5-94BE-047CC8ED05CB}.Release|Any CPU.ActiveCfg = Release|Any CPU
		{C10F8B86-C083-4CA5-94BE-047CC8ED05CB}.Release|Any CPU.Build.0 = Release|Any CPU
	EndGlobalSection
	GlobalSection(SolutionProperties) = preSolution
		HideSolutionNode = FALSE
	EndGlobalSection
	GlobalSection(ExtensibilityGlobals) = postSolution
		SolutionGuid = {0BB7D168-91C4-41F5-810F-F219A0F8BC48}
	EndGlobalSection
EndGlobal
